// !$*UTF8*$!
{
	archiveVersion = 1;
	classes = {
	};
	objectVersion = 77;
	objects = {

/* Begin PBXContainerItemProxy section */
		B78EE71B2FF30A1B00628D56 /* PBXContainerItemProxy */ = {
			isa = PBXContainerItemProxy;
			containerPortal = B78EE7032FF30A1A00628D56 /* Project object */;
			proxyType = 1;
			remoteGlobalIDString = B78EE70A2FF30A1A00628D56;
			remoteInfo = Libero;
		};
		B78EE7252FF30A1B00628D56 /* PBXContainerItemProxy */ = {
			isa = PBXContainerItemProxy;
			containerPortal = B78EE7032FF30A1A00628D56 /* Project object */;
			proxyType = 1;
			remoteGlobalIDString = B78EE70A2FF30A1A00628D56;
			remoteInfo = Libero;
		};
/* End PBXContainerItemProxy section */

/* Begin PBXFileReference section */
		B78EE70B2FF30A1A00628D56 /* Libero.app */ = {isa = PBXFileReference; explicitFileType = wrapper.application; includeInIndex = 0; path = Libero.app; sourceTree = BUILT_PRODUCTS_DIR; };
		B78EE71A2FF30A1B00628D56 /* LiberoTests.xctest */ = {isa = PBXFileReference; explicitFileType = wrapper.cfbundle; includeInIndex = 0; path = LiberoTests.xctest; sourceTree = BUILT_PRODUCTS_DIR; };
		B78EE7242FF30A1B00628D56 /* LiberoUITests.xctest */ = {isa = PBXFileReference; explicitFileType = wrapper.cfbundle; includeInIndex = 0; path = LiberoUITests.xctest; sourceTree = BUILT_PRODUCTS_DIR; };
/* End PBXFileReference section */

/* Begin PBXFileSystemSynchronizedBuildFileExceptionSet section */
		B78EE7372FF30A1B00628D56 /* Exceptions for "Libero" folder in "Libero" target */ = {
			isa = PBXFileSystemSynchronizedBuildFileExceptionSet;
			membershipExceptions = (
				Info.plist,
			);
			target = B78EE70A2FF30A1A00628D56 /* Libero */;
		};
/* End PBXFileSystemSynchronizedBuildFileExceptionSet section */

/* Begin PBXFileSystemSynchronizedRootGroup section */
		B78EE70D2FF30A1A00628D56 /* Libero */ = {
			isa = PBXFileSystemSynchronizedRootGroup;
			exceptions = (
				B78EE7372FF30A1B00628D56 /* Exceptions for "Libero" folder in "Libero" target */,
			);
			path = Libero;
			sourceTree = "<group>";
		};
		B78EE71D2FF30A1B00628D56 /* LiberoTests */ = {
			isa = PBXFileSystemSynchronizedRootGroup;
			path = LiberoTests;
			sourceTree = "<group>";
		};
		B78EE7272FF30A1B00628D56 /* LiberoUITests */ = {
			isa = PBXFileSystemSynchronizedRootGroup;
			path = LiberoUITests;
			sourceTree = "<group>";
		};
/* End PBXFileSystemSynchronizedRootGroup section */

/* Begin PBXFrameworksBuildPhase section */
		B78EE7082FF30A1A00628D56 /* Frameworks */ = {
			isa = PBXFrameworksBuildPhase;
			buildActionMask = 2147483647;
			files = (
			);
			runOnlyForDeploymentPostprocessing = 0;
		};
		B78EE7172FF30A1B00628D56 /* Frameworks */ = {
			isa = PBXFrameworksBuildPhase;
			buildActionMask = 2147483647;
			files = (
			);
			runOnlyForDeploymentPostprocessing = 0;
		};
		B78EE7212FF30A1B00628D56 /* Frameworks */ = {
			isa = PBXFrameworksBuildPhase;
			buildActionMask = 2147483647;
			files = (
			);
			runOnlyForDeploymentPostprocessing = 0;
		};
/* End PBXFrameworksBuildPhase section */

/* Begin PBXGroup section */
		B78EE7022FF30A1A00628D56 = {
			isa = PBXGroup;
			children = (
				B78EE70D2FF30A1A00628D56 /* Libero */,
				B78EE71D2FF30A1B00628D56 /* LiberoTests */,
				B78EE7272FF30A1B00628D56 /* LiberoUITests */,
				B78EE70C2FF30A1A00628D56 /* Products */,
			);
			sourceTree = "<group>";
		};
		B78EE70C2FF30A1A00628D56 /* Products */ = {
			isa = PBXGroup;
			children = (
				B78EE70B2FF30A1A00628D56 /* Libero.app */,
				B78EE71A2FF30A1B00628D56 /* LiberoTests.xctest */,
				B78EE7242FF30A1B00628D56 /* LiberoUITests.xctest */,
			);
			name = Products;
			sourceTree = "<group>";
		};
/* End PBXGroup section */

/* Begin PBXNativeTarget section */
		B78EE70A2FF30A1A00628D56 /* Libero */ = {
			isa = PBXNativeTarget;
			buildConfigurationList = B78EE72E2FF30A1B00628D56 /* Build configuration list for PBXNativeTarget "Libero" */;
			buildPhases = (
				B78EE7072FF30A1A00628D56 /* Sources */,
				B78EE7082FF30A1A00628D56 /* Frameworks */,
				B78EE7092FF30A1A00628D56 /* Resources */,
			);
			buildRules = (
			);
			dependencies = (
			);
			fileSystemSynchronizedGroups = (
				B78EE70D2FF30A1A00628D56 /* Libero */,
			);
			name = Libero;
			packageProductDependencies = (
			);
			productName = Libero;
			productReference = B78EE70B2FF30A1A00628D56 /* Libero.app */;
			productType = "com.apple.product-type.application";
		};
		B78EE7192FF30A1B00628D56 /* LiberoTests */ = {
			isa = PBXNativeTarget;
			buildConfigurationList = B78EE7312FF30A1B00628D56 /* Build configuration list for PBXNativeTarget "LiberoTests" */;
			buildPhases = (
				B78EE7162FF30A1B00628D56 /* Sources */,
				B78EE7172FF30A1B00628D56 /* Frameworks */,
				B78EE7182FF30A1B00628D56 /* Resources */,
			);
			buildRules = (
			);
			dependencies = (
				B78EE71C2FF30A1B00628D56 /* PBXTargetDependency */,
			);
			fileSystemSynchronizedGroups = (
				B78EE71D2FF30A1B00628D56 /* LiberoTests */,
			);
			name = LiberoTests;
			packageProductDependencies = (
			);
			productName = LiberoTests;
			productReference = B78EE71A2FF30A1B00628D56 /* LiberoTests.xctest */;
			productType = "com.apple.product-type.bundle.unit-test";
		};
		B78EE7232FF30A1B00628D56 /* LiberoUITests */ = {
			isa = PBXNativeTarget;
			buildConfigurationList = B78EE7342FF30A1B00628D56 /* Build configuration list for PBXNativeTarget "LiberoUITests" */;
			buildPhases = (
				B78EE7202FF30A1B00628D56 /* Sources */,
				B78EE7212FF30A1B00628D56 /* Frameworks */,
				B78EE7222FF30A1B00628D56 /* Resources */,
			);
			buildRules = (
			);
			dependencies = (
				B78EE7262FF30A1B00628D56 /* PBXTargetDependency */,
			);
			fileSystemSynchronizedGroups = (
				B78EE7272FF30A1B00628D56 /* LiberoUITests */,
			);
			name = LiberoUITests;
			packageProductDependencies = (
			);
			productName = LiberoUITests;
			productReference = B78EE7242FF30A1B00628D56 /* LiberoUITests.xctest */;
			productType = "com.apple.product-type.bundle.ui-testing";
		};
/* End PBXNativeTarget section */

/* Begin PBXProject section */
		B78EE7032FF30A1A00628D56 /* Project object */ = {
			isa = PBXProject;
			attributes = {
				BuildIndependentTargetsInParallel = 1;
				LastSwiftUpdateCheck = 2650;
				LastUpgradeCheck = 2650;
				TargetAttributes = {
					B78EE70A2FF30A1A00628D56 = {
						CreatedOnToolsVersion = 26.5;
					};
					B78EE7192FF30A1B00628D56 = {
						CreatedOnToolsVersion = 26.5;
						TestTargetID = B78EE70A2FF30A1A00628D56;
					};
					B78EE7232FF30A1B00628D56 = {
						CreatedOnToolsVersion = 26.5;
						TestTargetID = B78EE70A2FF30A1A00628D56;
					};
				};
			};
			buildConfigurationList = B78EE7062FF30A1A00628D56 /* Build configuration list for PBXProject "Libero" */;
			developmentRegion = en;
			hasScannedForEncodings = 0;
			knownRegions = (
				en,
				Base,
			);
			mainGroup = B78EE7022FF30A1A00628D56;
			minimizedProjectReferenceProxies = 1;
			preferredProjectObjectVersion = 77;
			productRefGroup = B78EE70C2FF30A1A00628D56 /* Products */;
			projectDirPath = "";
			projectRoot = "";
			targets = (
				B78EE70A2FF30A1A00628D56 /* Libero */,
				B78EE7192FF30A1B00628D56 /* LiberoTests */,
				B78EE7232FF30A1B00628D56 /* LiberoUITests */,
			);
		};
/* End PBXProject section */

/* Begin PBXResourcesBuildPhase section */
		B78EE7092FF30A1A00628D56 /* Resources */ = {
			isa = PBXResourcesBuildPhase;
			buildActionMask = 2147483647;
			files = (
			);
			runOnlyForDeploymentPostprocessing = 0;
		};
		B78EE7182FF30A1B00628D56 /* Resources */ = {
			isa = PBXResourcesBuildPhase;
			buildActionMask = 2147483647;
			files = (
			);
			runOnlyForDeploymentPostprocessing = 0;
		};
		B78EE7222FF30A1B00628D56 /* Resources */ = {
			isa = PBXResourcesBuildPhase;
			buildActionMask = 2147483647;
			files = (
			);
			runOnlyForDeploymentPostprocessing = 0;
		};
/* End PBXResourcesBuildPhase section */

/* Begin PBXSourcesBuildPhase section */
		B78EE7072FF30A1A00628D56 /* Sources */ = {
			isa = PBXSourcesBuildPhase;
			buildActionMask = 2147483647;
			files = (
			);
			runOnlyForDeploymentPostprocessing = 0;
		};
		B78EE7162FF30A1B00628D56 /* Sources */ = {
			isa = PBXSourcesBuildPhase;
			buildActionMask = 2147483647;
			files = (
			);
			runOnlyForDeploymentPostprocessing = 0;
		};
		B78EE7202FF30A1B00628D56 /* Sources */ = {
			isa = PBXSourcesBuildPhase;
			buildActionMask = 2147483647;
			files = (
			);
			runOnlyForDeploymentPostprocessing = 0;
		};
/* End PBXSourcesBuildPhase section */

/* Begin PBXTargetDependency section */
		B78EE71C2FF30A1B00628D56 /* PBXTargetDependency */ = {
			isa = PBXTargetDependency;
			target = B78EE70A2FF30A1A00628D56 /* Libero */;
			targetProxy = B78EE71B2FF30A1B00628D56 /* PBXContainerItemProxy */;
		};
		B78EE7262FF30A1B00628D56 /* PBXTargetDependency */ = {
			isa = PBXTargetDependency;
			target = B78EE70A2FF30A1A00628D56 /* Libero */;
			targetProxy = B78EE7252FF30A1B00628D56 /* PBXContainerItemProxy */;
		};
/* End PBXTargetDependency section */

/* Begin XCBuildConfiguration section */
		B78EE72C2FF30A1B00628D56 /* Debug */ = {
			isa = XCBuildConfiguration;
			buildSettings = {
				ALWAYS_SEARCH_USER_PATHS = NO;
				ASSETCATALOG_COMPILER_GENERATE_SWIFT_ASSET_SYMBOL_EXTENSIONS = YES;
				CLANG_ANALYZER_NONNULL = YES;
				CLANG_ANALYZER_NUMBER_OBJECT_CONVERSION = YES_AGGRESSIVE;
				CLANG_CXX_LANGUAGE_STANDARD = "gnu++20";
				CLANG_ENABLE_MODULES = YES;
				CLANG_ENABLE_OBJC_ARC = YES;
				CLANG_ENABLE_OBJC_WEAK = YES;
				CLANG_WARN_BLOCK_CAPTURE_AUTORELEASING = YES;
				CLANG_WARN_BOOL_CONVERSION = YES;
				CLANG_WARN_COMMA = YES;
				CLANG_WARN_CONSTANT_CONVERSION = YES;
				CLANG_WARN_DEPRECATED_OBJC_IMPLEMENTATIONS = YES;
				CLANG_WARN_DIRECT_OBJC_ISA_USAGE = YES_ERROR;
				CLANG_WARN_DOCUMENTATION_COMMENTS = YES;
				CLANG_WARN_EMPTY_BODY = YES;
				CLANG_WARN_ENUM_CONVERSION = YES;
				CLANG_WARN_INFINITE_RECURSION = YES;
				CLANG_WARN_INT_CONVERSION = YES;
				CLANG_WARN_NON_LITERAL_NULL_CONVERSION = YES;
				CLANG_WARN_OBJC_IMPLICIT_RETAIN_SELF = YES;
				CLANG_WARN_OBJC_LITERAL_CONVERSION = YES;
				CLANG_WARN_OBJC_ROOT_CLASS = YES_ERROR;
				CLANG_WARN_QUOTED_INCLUDE_IN_FRAMEWORK_HEADER = YES;
				CLANG_WARN_RANGE_LOOP_ANALYSIS = YES;
				CLANG_WARN_STRICT_PROTOTYPES = YES;
				CLANG_WARN_SUSPICIOUS_MOVE = YES;
				CLANG_WARN_UNGUARDED_AVAILABILITY = YES_AGGRESSIVE;
				CLANG_WARN_UNREACHABLE_CODE = YES;
				CLANG_WARN__DUPLICATE_METHOD_MATCH = YES;
				COPY_PHASE_STRIP = NO;
				DEBUG_INFORMATION_FORMAT = dwarf;
				DEVELOPMENT_TEAM = NJE9EM7M5U;
				ENABLE_STRICT_OBJC_MSGSEND = YES;
				ENABLE_TESTABILITY = YES;
				ENABLE_USER_SCRIPT_SANDBOXING = YES;
				GCC_C_LANGUAGE_STANDARD = gnu17;
				GCC_DYNAMIC_NO_PIC = NO;
				GCC_NO_COMMON_BLOCKS = YES;
				GCC_OPTIMIZATION_LEVEL = 0;
				GCC_PREPROCESSOR_DEFINITIONS = (
					"DEBUG=1",
					"$(inherited)",
				);
				GCC_WARN_64_TO_32_BIT_CONVERSION = YES;
				GCC_WARN_ABOUT_RETURN_TYPE = YES_ERROR;
				GCC_WARN_UNDECLARED_SELECTOR = YES;
				GCC_WARN_UNINITIALIZED_AUTOS = YES_AGGRESSIVE;
				GCC_WARN_UNUSED_FUNCTION = YES;
				GCC_WARN_UNUSED_VARIABLE = YES;
				LOCALIZATION_PREFERS_STRING_CATALOGS = YES;
				MTL_ENABLE_DEBUG_INFO = INCLUDE_SOURCE;
				MTL_FAST_MATH = YES;
				ONLY_ACTIVE_ARCH = YES;
				SWIFT_ACTIVE_COMPILATION_CONDITIONS = "DEBUG $(inherited)";
				SWIFT_OPTIMIZATION_LEVEL = "-Onone";
			};
			name = Debug;
		};
		B78EE72D2FF30A1B00628D56 /* Release */ = {
			isa = XCBuildConfiguration;
			buildSettings = {
				ALWAYS_SEARCH_USER_PATHS = NO;
				ASSETCATALOG_COMPILER_GENERATE_SWIFT_ASSET_SYMBOL_EXTENSIONS = YES;
				CLANG_ANALYZER_NONNULL = YES;
				CLANG_ANALYZER_NUMBER_OBJECT_CONVERSION = YES_AGGRESSIVE;
				CLANG_CXX_LANGUAGE_STANDARD = "gnu++20";
				CLANG_ENABLE_MODULES = YES;
				CLANG_ENABLE_OBJC_ARC = YES;
				CLANG_ENABLE_OBJC_WEAK = YES;
				CLANG_WARN_BLOCK_CAPTURE_AUTORELEASING = YES;
				CLANG_WARN_BOOL_CONVERSION = YES;
				CLANG_WARN_COMMA = YES;
				CLANG_WARN_CONSTANT_CONVERSION = YES;
				CLANG_WARN_DEPRECATED_OBJC_IMPLEMENTATIONS = YES;
				CLANG_WARN_DIRECT_OBJC_ISA_USAGE = YES_ERROR;
				CLANG_WARN_DOCUMENTATION_COMMENTS = YES;
				CLANG_WARN_EMPTY_BODY = YES;
				CLANG_WARN_ENUM_CONVERSION = YES;
				CLANG_WARN_INFINITE_RECURSION = YES;
				CLANG_WARN_INT_CONVERSION = YES;
				CLANG_WARN_NON_LITERAL_NULL_CONVERSION = YES;
				CLANG_WARN_OBJC_IMPLICIT_RETAIN_SELF = YES;
				CLANG_WARN_OBJC_LITERAL_CONVERSION = YES;
				CLANG_WARN_OBJC_ROOT_CLASS = YES_ERROR;
				CLANG_WARN_QUOTED_INCLUDE_IN_FRAMEWORK_HEADER = YES;
				CLANG_WARN_RANGE_LOOP_ANALYSIS = YES;
				CLANG_WARN_STRICT_PROTOTYPES = YES;
				CLANG_WARN_SUSPICIOUS_MOVE = YES;
				CLANG_WARN_UNGUARDED_AVAILABILITY = YES_AGGRESSIVE;
				CLANG_WARN_UNREACHABLE_CODE = YES;
				CLANG_WARN__DUPLICATE_METHOD_MATCH = YES;
				COPY_PHASE_STRIP = NO;
				DEBUG_INFORMATION_FORMAT = "dwarf-with-dsym";
				DEVELOPMENT_TEAM = NJE9EM7M5U;
				ENABLE_NS_ASSERTIONS = NO;
				ENABLE_STRICT_OBJC_MSGSEND = YES;
				ENABLE_USER_SCRIPT_SANDBOXING = YES;
				GCC_C_LANGUAGE_STANDARD = gnu17;
				GCC_NO_COMMON_BLOCKS = YES;
				GCC_WARN_64_TO_32_BIT_CONVERSION = YES;
				GCC_WARN_ABOUT_RETURN_TYPE = YES_ERROR;
				GCC_WARN_UNDECLARED_SELECTOR = YES;
				GCC_WARN_UNINITIALIZED_AUTOS = YES_AGGRESSIVE;
				GCC_WARN_UNUSED_FUNCTION = YES;
				GCC_WARN_UNUSED_VARIABLE = YES;
				LOCALIZATION_PREFERS_STRING_CATALOGS = YES;
				MTL_ENABLE_DEBUG_INFO = NO;
				MTL_FAST_MATH = YES;
				SWIFT_COMPILATION_MODE = wholemodule;
			};
			name = Release;
		};
		B78EE72F2FF30A1B00628D56 /* Debug */ = {
			isa = XCBuildConfiguration;
			buildSettings = {
				ASSETCATALOG_COMPILER_APPICON_NAME = AppIcon;
				ASSETCATALOG_COMPILER_GLOBAL_ACCENT_COLOR_NAME = AccentColor;
				CODE_SIGN_STYLE = Automatic;
				CURRENT_PROJECT_VERSION = 1;
				DEVELOPMENT_TEAM = NJE9EM7M5U;
				ENABLE_APP_SANDBOX = YES;
				ENABLE_HARDENED_RUNTIME = YES;
				ENABLE_PREVIEWS = YES;
				ENABLE_USER_SELECTED_FILES = readonly;
				GENERATE_INFOPLIST_FILE = NO;
				INFOPLIST_FILE = Libero/Info.plist;
				INFOPLIST_KEY_NSAppTransportSecurity_NSAllowsArbitraryLoads = YES;
				"INFOPLIST_KEY_UIApplicationSceneManifest_Generation[sdk=iphoneos*]" = YES;
				"INFOPLIST_KEY_UIApplicationSceneManifest_Generation[sdk=iphonesimulator*]" = YES;
				"INFOPLIST_KEY_UIApplicationSupportsIndirectInputEvents[sdk=iphoneos*]" = YES;
				"INFOPLIST_KEY_UIApplicationSupportsIndirectInputEvents[sdk=iphonesimulator*]" = YES;
				"INFOPLIST_KEY_UILaunchScreen_Generation[sdk=iphoneos*]" = YES;
				"INFOPLIST_KEY_UILaunchScreen_Generation[sdk=iphonesimulator*]" = YES;
				"INFOPLIST_KEY_UIStatusBarStyle[sdk=iphoneos*]" = UIStatusBarStyleDefault;
				"INFOPLIST_KEY_UIStatusBarStyle[sdk=iphonesimulator*]" = UIStatusBarStyleDefault;
				INFOPLIST_KEY_UISupportedInterfaceOrientations_iPad = "UIInterfaceOrientationPortrait UIInterfaceOrientationPortraitUpsideDown UIInterfaceOrientationLandscapeLeft UIInterfaceOrientationLandscapeRight";
				INFOPLIST_KEY_UISupportedInterfaceOrientations_iPhone = "UIInterfaceOrientationPortrait UIInterfaceOrientationLandscapeLeft UIInterfaceOrientationLandscapeRight";
				IPHONEOS_DEPLOYMENT_TARGET = 26.5;
				LD_RUNPATH_SEARCH_PATHS = "@executable_path/Frameworks";
				"LD_RUNPATH_SEARCH_PATHS[sdk=macosx*]" = "@executable_path/../Frameworks";
				MACOSX_DEPLOYMENT_TARGET = 26.5;
				MARKETING_VERSION = 1.0;
				PRODUCT_BUNDLE_IDENTIFIER = com.codebybleckert.Libero;
				PRODUCT_NAME = "$(TARGET_NAME)";
				REGISTER_APP_GROUPS = YES;
				SDKROOT = auto;
				STRING_CATALOG_GENERATE_SYMBOLS = YES;
				SUPPORTED_PLATFORMS = "iphoneos iphonesimulator macosx xros xrsimulator";
				SWIFT_APPROACHABLE_CONCURRENCY = YES;
				SWIFT_DEFAULT_ACTOR_ISOLATION = MainActor;
				SWIFT_EMIT_LOC_STRINGS = YES;
				SWIFT_UPCOMING_FEATURE_MEMBER_IMPORT_VISIBILITY = YES;
				SWIFT_VERSION = 5.0;
				TARGETED_DEVICE_FAMILY = "1,2,7";
				XROS_DEPLOYMENT_TARGET = 26.5;
			};
			name = Debug;
		};
		B78EE7302FF30A1B00628D56 /* Release */ = {
			isa = XCBuildConfiguration;
			buildSettings = {
				ASSETCATALOG_COMPILER_APPICON_NAME = AppIcon;
				ASSETCATALOG_COMPILER_GLOBAL_ACCENT_COLOR_NAME = AccentColor;
				CODE_SIGN_STYLE = Automatic;
				CURRENT_PROJECT_VERSION = 1;
				DEVELOPMENT_TEAM = NJE9EM7M5U;
				ENABLE_APP_SANDBOX = YES;
				ENABLE_HARDENED_RUNTIME = YES;
				ENABLE_PREVIEWS = YES;
				ENABLE_USER_SELECTED_FILES = readonly;
				GENERATE_INFOPLIST_FILE = NO;
				INFOPLIST_FILE = Libero/Info.plist;
				INFOPLIST_KEY_NSAppTransportSecurity_NSAllowsArbitraryLoads = YES;
				"INFOPLIST_KEY_UIApplicationSceneManifest_Generation[sdk=iphoneos*]" = YES;
				"INFOPLIST_KEY_UIApplicationSceneManifest_Generation[sdk=iphonesimulator*]" = YES;
				"INFOPLIST_KEY_UIApplicationSupportsIndirectInputEvents[sdk=iphoneos*]" = YES;
				"INFOPLIST_KEY_UIApplicationSupportsIndirectInputEvents[sdk=iphonesimulator*]" = YES;
				"INFOPLIST_KEY_UILaunchScreen_Generation[sdk=iphoneos*]" = YES;
				"INFOPLIST_KEY_UILaunchScreen_Generation[sdk=iphonesimulator*]" = YES;
				"INFOPLIST_KEY_UIStatusBarStyle[sdk=iphoneos*]" = UIStatusBarStyleDefault;
				"INFOPLIST_KEY_UIStatusBarStyle[sdk=iphonesimulator*]" = UIStatusBarStyleDefault;
				INFOPLIST_KEY_UISupportedInterfaceOrientations_iPad = "UIInterfaceOrientationPortrait UIInterfaceOrientationPortraitUpsideDown UIInterfaceOrientationLandscapeLeft UIInterfaceOrientationLandscapeRight";
				INFOPLIST_KEY_UISupportedInterfaceOrientations_iPhone = "UIInterfaceOrientationPortrait UIInterfaceOrientationLandscapeLeft UIInterfaceOrientationLandscapeRight";
				IPHONEOS_DEPLOYMENT_TARGET = 26.5;
				LD_RUNPATH_SEARCH_PATHS = "@executable_path/Frameworks";
				"LD_RUNPATH_SEARCH_PATHS[sdk=macosx*]" = "@executable_path/../Frameworks";
				MACOSX_DEPLOYMENT_TARGET = 26.5;
				MARKETING_VERSION = 1.0;
				PRODUCT_BUNDLE_IDENTIFIER = com.codebybleckert.Libero;
				PRODUCT_NAME = "$(TARGET_NAME)";
				REGISTER_APP_GROUPS = YES;
				SDKROOT = auto;
				STRING_CATALOG_GENERATE_SYMBOLS = YES;
				SUPPORTED_PLATFORMS = "iphoneos iphonesimulator macosx xros xrsimulator";
				SWIFT_APPROACHABLE_CONCURRENCY = YES;
				SWIFT_DEFAULT_ACTOR_ISOLATION = MainActor;
				SWIFT_EMIT_LOC_STRINGS = YES;
				SWIFT_UPCOMING_FEATURE_MEMBER_IMPORT_VISIBILITY = YES;
				SWIFT_VERSION = 5.0;
				TARGETED_DEVICE_FAMILY = "1,2,7";
				XROS_DEPLOYMENT_TARGET = 26.5;
			};
			name = Release;
		};
		B78EE7322FF30A1B00628D56 /* Debug */ = {
			isa = XCBuildConfiguration;
			buildSettings = {
				BUNDLE_LOADER = "$(TEST_HOST)";
				CODE_SIGN_STYLE = Automatic;
				CURRENT_PROJECT_VERSION = 1;
				DEVELOPMENT_TEAM = NJE9EM7M5U;
				GENERATE_INFOPLIST_FILE = YES;
				IPHONEOS_DEPLOYMENT_TARGET = 26.5;
				MACOSX_DEPLOYMENT_TARGET = 26.5;
				MARKETING_VERSION = 1.0;
				PRODUCT_BUNDLE_IDENTIFIER = com.codebybleckert.LiberoTests;
				PRODUCT_NAME = "$(TARGET_NAME)";
				SDKROOT = auto;
				STRING_CATALOG_GENERATE_SYMBOLS = NO;
				SUPPORTED_PLATFORMS = "iphoneos iphonesimulator macosx xros xrsimulator";
				SWIFT_APPROACHABLE_CONCURRENCY = YES;
				SWIFT_EMIT_LOC_STRINGS = NO;
				SWIFT_UPCOMING_FEATURE_MEMBER_IMPORT_VISIBILITY = YES;
				SWIFT_VERSION = 5.0;
				TARGETED_DEVICE_FAMILY = "1,2,7";
				TEST_HOST = "$(BUILT_PRODUCTS_DIR)/Libero.app/$(BUNDLE_EXECUTABLE_FOLDER_PATH)/Libero";
				XROS_DEPLOYMENT_TARGET = 26.5;
			};
			name = Debug;
		};
		B78EE7332FF30A1B00628D56 /* Release */ = {
			isa = XCBuildConfiguration;
			buildSettings = {
				BUNDLE_LOADER = "$(TEST_HOST)";
				CODE_SIGN_STYLE = Automatic;
				CURRENT_PROJECT_VERSION = 1;
				DEVELOPMENT_TEAM = NJE9EM7M5U;
				GENERATE_INFOPLIST_FILE = YES;
				IPHONEOS_DEPLOYMENT_TARGET = 26.5;
				MACOSX_DEPLOYMENT_TARGET = 26.5;
				MARKETING_VERSION = 1.0;
				PRODUCT_BUNDLE_IDENTIFIER = com.codebybleckert.LiberoTests;
				PRODUCT_NAME = "$(TARGET_NAME)";
				SDKROOT = auto;
				STRING_CATALOG_GENERATE_SYMBOLS = NO;
				SUPPORTED_PLATFORMS = "iphoneos iphonesimulator macosx xros xrsimulator";
				SWIFT_APPROACHABLE_CONCURRENCY = YES;
				SWIFT_EMIT_LOC_STRINGS = NO;
				SWIFT_UPCOMING_FEATURE_MEMBER_IMPORT_VISIBILITY = YES;
				SWIFT_VERSION = 5.0;
				TARGETED_DEVICE_FAMILY = "1,2,7";
				TEST_HOST = "$(BUILT_PRODUCTS_DIR)/Libero.app/$(BUNDLE_EXECUTABLE_FOLDER_PATH)/Libero";
				XROS_DEPLOYMENT_TARGET = 26.5;
			};
			name = Release;
		};
		B78EE7352FF30A1B00628D56 /* Debug */ = {
			isa = XCBuildConfiguration;
			buildSettings = {
				CODE_SIGN_STYLE = Automatic;
				CURRENT_PROJECT_VERSION = 1;
				DEVELOPMENT_TEAM = NJE9EM7M5U;
				GENERATE_INFOPLIST_FILE = YES;
				IPHONEOS_DEPLOYMENT_TARGET = 26.5;
				MACOSX_DEPLOYMENT_TARGET = 26.5;
				MARKETING_VERSION = 1.0;
				PRODUCT_BUNDLE_IDENTIFIER = com.codebybleckert.LiberoUITests;
				PRODUCT_NAME = "$(TARGET_NAME)";
				SDKROOT = auto;
				STRING_CATALOG_GENERATE_SYMBOLS = NO;
				SUPPORTED_PLATFORMS = "iphoneos iphonesimulator macosx xros xrsimulator";
				SWIFT_APPROACHABLE_CONCURRENCY = YES;
				SWIFT_EMIT_LOC_STRINGS = NO;
				SWIFT_UPCOMING_FEATURE_MEMBER_IMPORT_VISIBILITY = YES;
				SWIFT_VERSION = 5.0;
				TARGETED_DEVICE_FAMILY = "1,2,7";
				TEST_TARGET_NAME = Libero;
				XROS_DEPLOYMENT_TARGET = 26.5;
			};
			name = Debug;
		};
		B78EE7362FF30A1B00628D56 /* Release */ = {
			isa = XCBuildConfiguration;
			buildSettings = {
				CODE_SIGN_STYLE = Automatic;
				CURRENT_PROJECT_VERSION = 1;
				DEVELOPMENT_TEAM = NJE9EM7M5U;
				GENERATE_INFOPLIST_FILE = YES;
				IPHONEOS_DEPLOYMENT_TARGET = 26.5;
				MACOSX_DEPLOYMENT_TARGET = 26.5;
				MARKETING_VERSION = 1.0;
				PRODUCT_BUNDLE_IDENTIFIER = com.codebybleckert.LiberoUITests;
				PRODUCT_NAME = "$(TARGET_NAME)";
				SDKROOT = auto;
				STRING_CATALOG_GENERATE_SYMBOLS = NO;
				SUPPORTED_PLATFORMS = "iphoneos iphonesimulator macosx xros xrsimulator";
				SWIFT_APPROACHABLE_CONCURRENCY = YES;
				SWIFT_EMIT_LOC_STRINGS = NO;
				SWIFT_UPCOMING_FEATURE_MEMBER_IMPORT_VISIBILITY = YES;
				SWIFT_VERSION = 5.0;
				TARGETED_DEVICE_FAMILY = "1,2,7";
				TEST_TARGET_NAME = Libero;
				XROS_DEPLOYMENT_TARGET = 26.5;
			};
			name = Release;
		};
/* End XCBuildConfiguration section */

/* Begin XCConfigurationList section */
		B78EE7062FF30A1A00628D56 /* Build configuration list for PBXProject "Libero" */ = {
			isa = XCConfigurationList;
			buildConfigurations = (
				B78EE72C2FF30A1B00628D56 /* Debug */,
				B78EE72D2FF30A1B00628D56 /* Release */,
			);
			defaultConfigurationIsVisible = 0;
			defaultConfigurationName = Release;
		};
		B78EE72E2FF30A1B00628D56 /* Build configuration list for PBXNativeTarget "Libero" */ = {
			isa = XCConfigurationList;
			buildConfigurations = (
				B78EE72F2FF30A1B00628D56 /* Debug */,
				B78EE7302FF30A1B00628D56 /* Release */,
			);
			defaultConfigurationIsVisible = 0;
			defaultConfigurationName = Release;
		};
		B78EE7312FF30A1B00628D56 /* Build configuration list for PBXNativeTarget "LiberoTests" */ = {
			isa = XCConfigurationList;
			buildConfigurations = (
				B78EE7322FF30A1B00628D56 /* Debug */,
				B78EE7332FF30A1B00628D56 /* Release */,
			);
			defaultConfigurationIsVisible = 0;
			defaultConfigurationName = Release;
		};
		B78EE7342FF30A1B00628D56 /* Build configuration list for PBXNativeTarget "LiberoUITests" */ = {
			isa = XCConfigurationList;
			buildConfigurations = (
				B78EE7352FF30A1B00628D56 /* Debug */,
				B78EE7362FF30A1B00628D56 /* Release */,
			);
			defaultConfigurationIsVisible = 0;
			defaultConfigurationName = Release;
		};
/* End XCConfigurationList section */
	};
	rootObject = B78EE7032FF30A1A00628D56 /* Project object */;
}
